
Microsoft Visual Studio Solution File, Format Version 12.00
# Visual Studio Version 17
VisualStudioVersion = 17.0.31903.59
MinimumVisualStudioVersion = 10.0.40219.1
Project("{FAE04EC0-301F-11D3-BF4B-00C04F79EFBC}") = "DogDoorConsoleApp", "DogDoorConsoleApp\DogDoorConsoleApp.csproj", "{7C36734B-2BEC-407F-8CB8-8193748B13B6}"
EndProject
Project("{FAE04EC0-301F-11D3-BF4B-00C04F79EFBC}") = "GuitarConsoleApp", "GuitarConsoleApp\GuitarConsoleApp.csproj", "{A16D55D0-C8C1-49AE-8D75-DC0593FA9F87}"
EndProject
Global
	GlobalSection(SolutionConfigurationPlatforms) = preSolution
		Debug|Any CPU = Debug|Any CPU
		Release|Any CPU = Release|Any CPU
	EndGlobalSection
	GlobalSection(SolutionProperties) = preSolution
		HideSolutionNode = FALSE
	EndGlobalSection
	GlobalSection(ProjectConfigurationPlatforms) = postSolution
		{7C36734B-2BEC-407F-8CB8-8193748B13B6}.Debug|Any CPU.ActiveCfg = Debug|Any CPU
		{7C36734B-2BEC-407F-8CB8-8193748B13B6}.Debug|Any CPU.Build.0 = Debug|Any CPU
		{7C36734B-2BEC-407F-8CB8-8193748B13B6}.Release|Any CPU.ActiveCfg = Release|Any CPU
		{7C36734B-2BEC-407F-8CB8-8193748B13B6}.Release|Any CPU.Build.0 = Release|Any CPU
		{A16D55D0-C8C1-49AE-8D75-DC0593FA9F87}.Debug|Any CPU.ActiveCfg = Debug|Any CPU
		{A16D55D0-C8C1-49AE-8D75-DC0593FA9F87}.Debug|Any CPU.Build.0 = Debug|Any CPU
		{A16D55D0-C8C1-49AE-8D75-DC0593FA9F87}.Release|Any CPU.ActiveCfg = Release|Any CPU
		{A16D55D0-C8C1-49AE-8D75-DC0593FA9F87}.Release|Any CPU.Build.0 = Release|Any CPU
	EndGlobalSection
EndGlobal
